PODS:
  - MJUtils (0.1.1):
    - ModuleCapability (~> 0.1.2)
  - ModuleCapability (0.1.2)

DEPENDENCIES:
  - MJUtils (from `../`)

EXTERNAL SOURCES:
  MJUtils:
    :path: ../

SPEC CHECKSUMS:
  MJUtils: 0e1d68b753e897b89e4b3f2b1ef28b5993216fee
  ModuleCapability: 35cea7154ff855362682e90ecf1be529a533c931

COCOAPODS: 0.39.0
