PODS:
  - MJUtils (0.1.0):
    - ModuleCapability (~> 0.1.1)
  - ModuleCapability (0.1.1)

DEPENDENCIES:
  - MJUtils (from `../`)

EXTERNAL SOURCES:
  MJUtils:
    :path: ../

SPEC CHECKSUMS:
  MJUtils: f97fbb20b9848d4b127c6d25dd68de7b4c8d2133
  ModuleCapability: c58431991173e091993386b1840082a2540f2de1

COCOAPODS: 0.39.0
